// !$*UTF8*$!
{
	archiveVersion = 1;
	classes = {
	};
	objectVersion = 56;
	objects = {

/* Begin PBXBuildFile section */
		8C32A81E6E0E306F812D6A51 /* Pods_login.framework in Frameworks */ = {isa = PBXBuildFile; fileRef = 298BA07C86435202EFE76A89 /* Pods_login.framework */; };
		B071985C29C0BAE500D468A4 /* loginApp.swift in Sources */ = {isa = PBXBuildFile; fileRef = B071985B29C0BAE500D468A4 /* loginApp.swift */; };
		B071985E29C0BAE500D468A4 /* ContentView.swift in Sources */ = {isa = PBXBuildFile; fileRef = B071985D29C0BAE500D468A4 /* ContentView.swift */; };
		B071986029C0BAE600D468A4 /* Assets.xcassets in Resources */ = {isa = PBXBuildFile; fileRef = B071985F29C0BAE600D468A4 /* Assets.xcassets */; };
		B071986329C0BAE600D468A4 /* Preview Assets.xcassets in Resources */ = {isa = PBXBuildFile; fileRef = B071986229C0BAE600D468A4 /* Preview Assets.xcassets */; };
		B071986529C0BAE600D468A4 /* Persistence.swift in Sources */ = {isa = PBXBuildFile; fileRef = B071986429C0BAE600D468A4 /* Persistence.swift */; };
		B071986829C0BAE600D468A4 /* login.xcdatamodeld in Sources */ = {isa = PBXBuildFile; fileRef = B071986629C0BAE600D468A4 /* login.xcdatamodeld */; };
		B071987329C0C00900D468A4 /* WelcomeScreenView.swift in Sources */ = {isa = PBXBuildFile; fileRef = B071987229C0C00900D468A4 /* WelcomeScreenView.swift */; };
		B071987529C0C2CA00D468A4 /* SignInScreenView.swift in Sources */ = {isa = PBXBuildFile; fileRef = B071987429C0C2CA00D468A4 /* SignInScreenView.swift */; };
		B0B4FB7629C1BE0B00CB8385 /* Content-ViewModel.swift in Sources */ = {isa = PBXBuildFile; fileRef = B0B4FB7529C1BE0B00CB8385 /* Content-ViewModel.swift */; };
		B0B4FB7A29C1EED300CB8385 /* ForgetViw.swift in Sources */ = {isa = PBXBuildFile; fileRef = B0B4FB7929C1EED300CB8385 /* ForgetViw.swift */; };
		B0B4FB7C29C30A9B00CB8385 /* Register.swift in Sources */ = {isa = PBXBuildFile; fileRef = B0B4FB7B29C30A9B00CB8385 /* Register.swift */; };
		D900847429ED2FDC00F87375 /* README.md in Resources */ = {isa = PBXBuildFile; fileRef = D900847329ED2FDC00F87375 /* README.md */; };
		D91AF79D29E75A1900B159B5 /* Post.swift in Sources */ = {isa = PBXBuildFile; fileRef = D91AF79C29E75A1900B159B5 /* Post.swift */; };
		D91AF79F29E7685500B159B5 /* PostViewModel.swift in Sources */ = {isa = PBXBuildFile; fileRef = D91AF79E29E7685500B159B5 /* PostViewModel.swift */; };
		D962BB4629D19B49004FA30A /* profil.swift in Sources */ = {isa = PBXBuildFile; fileRef = D962BB4529D19B49004FA30A /* profil.swift */; };
		D962BB4829D1C63B004FA30A /* CreateNewPost.swift in Sources */ = {isa = PBXBuildFile; fileRef = D962BB4729D1C63B004FA30A /* CreateNewPost.swift */; };
		D969D17829E7EE9500D7D76B /* Home.swift in Sources */ = {isa = PBXBuildFile; fileRef = D969D17729E7EE9500D7D76B /* Home.swift */; };
		D969D17A29E82B3E00D7D76B /* zaza.swift in Sources */ = {isa = PBXBuildFile; fileRef = D969D17929E82B3E00D7D76B /* zaza.swift */; };
		D98DE3AE29CDB56F009C394A /* HomeScreen.swift in Sources */ = {isa = PBXBuildFile; fileRef = D98DE3AD29CDB56F009C394A /* HomeScreen.swift */; };
		D9C0A4C929DF01A50097D368 /* qssq.swift in Sources */ = {isa = PBXBuildFile; fileRef = D9C0A4C829DF01A50097D368 /* qssq.swift */; };
		D9CDA4C929D3018D00EC42B5 /* ProfileEditView.swift in Sources */ = {isa = PBXBuildFile; fileRef = D9CDA4C829D3018D00EC42B5 /* ProfileEditView.swift */; };
		D9DB6F2B29D6E3A000262A50 /* userViewModel.swift in Sources */ = {isa = PBXBuildFile; fileRef = D9DB6F2A29D6E3A000262A50 /* userViewModel.swift */; };
		D9DB6F2E29D6E54C00262A50 /* User.swift in Sources */ = {isa = PBXBuildFile; fileRef = D9DB6F2D29D6E54C00262A50 /* User.swift */; };
		D9EFD95429EA9EBB009ABE77 /* AppColors.swift in Sources */ = {isa = PBXBuildFile; fileRef = D9EFD95329EA9EBB009ABE77 /* AppColors.swift */; };
		D9EFD95C29EAD196009ABE77 /* AddPost.swift in Sources */ = {isa = PBXBuildFile; fileRef = D9EFD95B29EAD196009ABE77 /* AddPost.swift */; };
		D9F469EE29E57BD50027DF51 /* PostCell.swift in Sources */ = {isa = PBXBuildFile; fileRef = D9F469ED29E57BD50027DF51 /* PostCell.swift */; };
		D9F469F029E5805D0027DF51 /* forgot2.swift in Sources */ = {isa = PBXBuildFile; fileRef = D9F469EF29E5805D0027DF51 /* forgot2.swift */; };
		D9F469F229E5855C0027DF51 /* forgot3.swift in Sources */ = {isa = PBXBuildFile; fileRef = D9F469F129E5855C0027DF51 /* forgot3.swift */; };
/* End PBXBuildFile section */

/* Begin PBXFileReference section */
		298BA07C86435202EFE76A89 /* Pods_login.framework */ = {isa = PBXFileReference; explicitFileType = wrapper.framework; includeInIndex = 0; path = Pods_login.framework; sourceTree = BUILT_PRODUCTS_DIR; };
		56F7D0AB43B4D30C7A7F397E /* Pods-login.debug.xcconfig */ = {isa = PBXFileReference; includeInIndex = 1; lastKnownFileType = text.xcconfig; name = "Pods-login.debug.xcconfig"; path = "Target Support Files/Pods-login/Pods-login.debug.xcconfig"; sourceTree = "<group>"; };
		ABADBDCA8DB0C0E9A25E042D /* Pods-login.release.xcconfig */ = {isa = PBXFileReference; includeInIndex = 1; lastKnownFileType = text.xcconfig; name = "Pods-login.release.xcconfig"; path = "Target Support Files/Pods-login/Pods-login.release.xcconfig"; sourceTree = "<group>"; };
		B071985829C0BAE500D468A4 /* login.app */ = {isa = PBXFileReference; explicitFileType = wrapper.application; includeInIndex = 0; path = login.app; sourceTree = BUILT_PRODUCTS_DIR; };
		B071985B29C0BAE500D468A4 /* loginApp.swift */ = {isa = PBXFileReference; lastKnownFileType = sourcecode.swift; path = loginApp.swift; sourceTree = "<group>"; };
		B071985D29C0BAE500D468A4 /* ContentView.swift */ = {isa = PBXFileReference; lastKnownFileType = sourcecode.swift; path = ContentView.swift; sourceTree = "<group>"; };
		B071985F29C0BAE600D468A4 /* Assets.xcassets */ = {isa = PBXFileReference; lastKnownFileType = folder.assetcatalog; path = Assets.xcassets; sourceTree = "<group>"; };
		B071986229C0BAE600D468A4 /* Preview Assets.xcassets */ = {isa = PBXFileReference; lastKnownFileType = folder.assetcatalog; path = "Preview Assets.xcassets"; sourceTree = "<group>"; };
		B071986429C0BAE600D468A4 /* Persistence.swift */ = {isa = PBXFileReference; lastKnownFileType = sourcecode.swift; path = Persistence.swift; sourceTree = "<group>"; };
		B071986729C0BAE600D468A4 /* login.xcdatamodel */ = {isa = PBXFileReference; lastKnownFileType = wrapper.xcdatamodel; path = login.xcdatamodel; sourceTree = "<group>"; };
		B071986929C0BAE600D468A4 /* Info.plist */ = {isa = PBXFileReference; lastKnownFileType = text.plist.xml; path = Info.plist; sourceTree = "<group>"; };
		B071987229C0C00900D468A4 /* WelcomeScreenView.swift */ = {isa = PBXFileReference; lastKnownFileType = sourcecode.swift; path = WelcomeScreenView.swift; sourceTree = "<group>"; };
		B071987429C0C2CA00D468A4 /* SignInScreenView.swift */ = {isa = PBXFileReference; lastKnownFileType = sourcecode.swift; path = SignInScreenView.swift; sourceTree = "<group>"; };
		B0B4FB7529C1BE0B00CB8385 /* Content-ViewModel.swift */ = {isa = PBXFileReference; lastKnownFileType = sourcecode.swift; path = "Content-ViewModel.swift"; sourceTree = "<group>"; };
		B0B4FB7929C1EED300CB8385 /* ForgetViw.swift */ = {isa = PBXFileReference; lastKnownFileType = sourcecode.swift; path = ForgetViw.swift; sourceTree = "<group>"; };
		B0B4FB7B29C30A9B00CB8385 /* Register.swift */ = {isa = PBXFileReference; lastKnownFileType = sourcecode.swift; path = Register.swift; sourceTree = "<group>"; };
		D900847329ED2FDC00F87375 /* README.md */ = {isa = PBXFileReference; lastKnownFileType = net.daringfireball.markdown; path = README.md; sourceTree = "<group>"; };
		D91AF79C29E75A1900B159B5 /* Post.swift */ = {isa = PBXFileReference; lastKnownFileType = sourcecode.swift; path = Post.swift; sourceTree = "<group>"; };
		D91AF79E29E7685500B159B5 /* PostViewModel.swift */ = {isa = PBXFileReference; lastKnownFileType = sourcecode.swift; path = PostViewModel.swift; sourceTree = "<group>"; };
		D962BB4529D19B49004FA30A /* profil.swift */ = {isa = PBXFileReference; lastKnownFileType = sourcecode.swift; path = profil.swift; sourceTree = "<group>"; };
		D962BB4729D1C63B004FA30A /* CreateNewPost.swift */ = {isa = PBXFileReference; lastKnownFileType = sourcecode.swift; path = CreateNewPost.swift; sourceTree = "<group>"; };
		D969D17729E7EE9500D7D76B /* Home.swift */ = {isa = PBXFileReference; lastKnownFileType = sourcecode.swift; path = Home.swift; sourceTree = "<group>"; };
		D969D17929E82B3E00D7D76B /* zaza.swift */ = {isa = PBXFileReference; lastKnownFileType = sourcecode.swift; path = zaza.swift; sourceTree = "<group>"; };
		D98DE3AD29CDB56F009C394A /* HomeScreen.swift */ = {isa = PBXFileReference; lastKnownFileType = sourcecode.swift; path = HomeScreen.swift; sourceTree = "<group>"; };
		D9C0A4C829DF01A50097D368 /* qssq.swift */ = {isa = PBXFileReference; lastKnownFileType = sourcecode.swift; path = qssq.swift; sourceTree = "<group>"; };
		D9CDA4C829D3018D00EC42B5 /* ProfileEditView.swift */ = {isa = PBXFileReference; lastKnownFileType = sourcecode.swift; path = ProfileEditView.swift; sourceTree = "<group>"; };
		D9DB6F2A29D6E3A000262A50 /* userViewModel.swift */ = {isa = PBXFileReference; lastKnownFileType = sourcecode.swift; path = userViewModel.swift; sourceTree = "<group>"; };
		D9DB6F2D29D6E54C00262A50 /* User.swift */ = {isa = PBXFileReference; lastKnownFileType = sourcecode.swift; path = User.swift; sourceTree = "<group>"; };
		D9EFD95329EA9EBB009ABE77 /* AppColors.swift */ = {isa = PBXFileReference; lastKnownFileType = sourcecode.swift; path = AppColors.swift; sourceTree = "<group>"; };
		D9EFD95B29EAD196009ABE77 /* AddPost.swift */ = {isa = PBXFileReference; lastKnownFileType = sourcecode.swift; path = AddPost.swift; sourceTree = "<group>"; };
		D9F469ED29E57BD50027DF51 /* PostCell.swift */ = {isa = PBXFileReference; lastKnownFileType = sourcecode.swift; path = PostCell.swift; sourceTree = "<group>"; };
		D9F469EF29E5805D0027DF51 /* forgot2.swift */ = {isa = PBXFileReference; lastKnownFileType = sourcecode.swift; path = forgot2.swift; sourceTree = "<group>"; };
		D9F469F129E5855C0027DF51 /* forgot3.swift */ = {isa = PBXFileReference; lastKnownFileType = sourcecode.swift; path = forgot3.swift; sourceTree = "<group>"; };
/* End PBXFileReference section */

/* Begin PBXFrameworksBuildPhase section */
		B071985529C0BAE500D468A4 /* Frameworks */ = {
			isa = PBXFrameworksBuildPhase;
			buildActionMask = 2147483647;
			files = (
				8C32A81E6E0E306F812D6A51 /* Pods_login.framework in Frameworks */,
			);
			runOnlyForDeploymentPostprocessing = 0;
		};
/* End PBXFrameworksBuildPhase section */

/* Begin PBXGroup section */
		63A4F13363E7B2E57893DE08 /* Frameworks */ = {
			isa = PBXGroup;
			children = (
				298BA07C86435202EFE76A89 /* Pods_login.framework */,
			);
			name = Frameworks;
			sourceTree = "<group>";
		};
		B071984F29C0BAE500D468A4 = {
			isa = PBXGroup;
			children = (
				D900847329ED2FDC00F87375 /* README.md */,
				B071985A29C0BAE500D468A4 /* login */,
				B071985929C0BAE500D468A4 /* Products */,
				E1E26EBBB21CF8F66E9C07C7 /* Pods */,
				63A4F13363E7B2E57893DE08 /* Frameworks */,
			);
			sourceTree = "<group>";
		};
		B071985929C0BAE500D468A4 /* Products */ = {
			isa = PBXGroup;
			children = (
				B071985829C0BAE500D468A4 /* login.app */,
			);
			name = Products;
			sourceTree = "<group>";
		};
		B071985A29C0BAE500D468A4 /* login */ = {
			isa = PBXGroup;
			children = (
				D9EFD95829EAD139009ABE77 /* Post */,
				D9EFD95629EAD056009ABE77 /* View */,
				D9EFD95229EA9E93009ABE77 /* Components */,
				D9DB6F2C29D6E52000262A50 /* Model */,
				B0B4FB7D29C325A500CB8385 /* ViewModel */,
				B071987129C0BF2100D468A4 /* sscreen */,
				B071985B29C0BAE500D468A4 /* loginApp.swift */,
				B071985D29C0BAE500D468A4 /* ContentView.swift */,
				B071985F29C0BAE600D468A4 /* Assets.xcassets */,
				B071986429C0BAE600D468A4 /* Persistence.swift */,
				B071986929C0BAE600D468A4 /* Info.plist */,
				B071986629C0BAE600D468A4 /* login.xcdatamodeld */,
				B071986129C0BAE600D468A4 /* Preview Content */,
			);
			path = login;
			sourceTree = "<group>";
		};
		B071986129C0BAE600D468A4 /* Preview Content */ = {
			isa = PBXGroup;
			children = (
				B071986229C0BAE600D468A4 /* Preview Assets.xcassets */,
			);
			path = "Preview Content";
			sourceTree = "<group>";
		};
		B071987129C0BF2100D468A4 /* sscreen */ = {
			isa = PBXGroup;
			children = (
				D962BB4529D19B49004FA30A /* profil.swift */,
				D98DE3AD29CDB56F009C394A /* HomeScreen.swift */,
				D962BB4729D1C63B004FA30A /* CreateNewPost.swift */,
				D9CDA4C829D3018D00EC42B5 /* ProfileEditView.swift */,
				D9C0A4C829DF01A50097D368 /* qssq.swift */,
				D9F469ED29E57BD50027DF51 /* PostCell.swift */,
				D969D17729E7EE9500D7D76B /* Home.swift */,
				D969D17929E82B3E00D7D76B /* zaza.swift */,
			);
			path = sscreen;
			sourceTree = "<group>";
		};
		B0B4FB7D29C325A500CB8385 /* ViewModel */ = {
			isa = PBXGroup;
			children = (
				B0B4FB7529C1BE0B00CB8385 /* Content-ViewModel.swift */,
				D9DB6F2A29D6E3A000262A50 /* userViewModel.swift */,
				D91AF79E29E7685500B159B5 /* PostViewModel.swift */,
			);
			path = ViewModel;
			sourceTree = "<group>";
		};
		D9DB6F2C29D6E52000262A50 /* Model */ = {
			isa = PBXGroup;
			children = (
				D9DB6F2D29D6E54C00262A50 /* User.swift */,
				D91AF79C29E75A1900B159B5 /* Post.swift */,
			);
			path = Model;
			sourceTree = "<group>";
		};
		D9EFD95229EA9E93009ABE77 /* Components */ = {
			isa = PBXGroup;
			children = (
				D9EFD95329EA9EBB009ABE77 /* AppColors.swift */,
			);
			path = Components;
			sourceTree = "<group>";
		};
		D9EFD95629EAD056009ABE77 /* View */ = {
			isa = PBXGroup;
			children = (
				B071987229C0C00900D468A4 /* WelcomeScreenView.swift */,
				B071987429C0C2CA00D468A4 /* SignInScreenView.swift */,
				B0B4FB7B29C30A9B00CB8385 /* Register.swift */,
				D9F469EF29E5805D0027DF51 /* forgot2.swift */,
				D9F469F129E5855C0027DF51 /* forgot3.swift */,
				B0B4FB7929C1EED300CB8385 /* ForgetViw.swift */,
			);
			path = View;
			sourceTree = "<group>";
		};
		D9EFD95829EAD139009ABE77 /* Post */ = {
			isa = PBXGroup;
			children = (
				D9EFD95B29EAD196009ABE77 /* AddPost.swift */,
			);
			path = Post;
			sourceTree = "<group>";
		};
		E1E26EBBB21CF8F66E9C07C7 /* Pods */ = {
			isa = PBXGroup;
			children = (
				56F7D0AB43B4D30C7A7F397E /* Pods-login.debug.xcconfig */,
				ABADBDCA8DB0C0E9A25E042D /* Pods-login.release.xcconfig */,
			);
			path = Pods;
			sourceTree = "<group>";
		};
/* End PBXGroup section */

/* Begin PBXNativeTarget section */
		B071985729C0BAE500D468A4 /* login */ = {
			isa = PBXNativeTarget;
			buildConfigurationList = B071986C29C0BAE600D468A4 /* Build configuration list for PBXNativeTarget "login" */;
			buildPhases = (
				E17C5A006D246FC766DFA44A /* [CP] Check Pods Manifest.lock */,
				B071985429C0BAE500D468A4 /* Sources */,
				B071985529C0BAE500D468A4 /* Frameworks */,
				B071985629C0BAE500D468A4 /* Resources */,
				866306DF05F5C5DF636ECA7E /* [CP] Embed Pods Frameworks */,
			);
			buildRules = (
			);
			dependencies = (
			);
			name = login;
			productName = login;
			productReference = B071985829C0BAE500D468A4 /* login.app */;
			productType = "com.apple.product-type.application";
		};
/* End PBXNativeTarget section */

/* Begin PBXProject section */
		B071985029C0BAE500D468A4 /* Project object */ = {
			isa = PBXProject;
			attributes = {
				BuildIndependentTargetsInParallel = 1;
				LastSwiftUpdateCheck = 1410;
				LastUpgradeCheck = 1410;
				TargetAttributes = {
					B071985729C0BAE500D468A4 = {
						CreatedOnToolsVersion = 14.1;
					};
				};
			};
			buildConfigurationList = B071985329C0BAE500D468A4 /* Build configuration list for PBXProject "login" */;
			compatibilityVersion = "Xcode 14.0";
			developmentRegion = en;
			hasScannedForEncodings = 0;
			knownRegions = (
				en,
				Base,
			);
			mainGroup = B071984F29C0BAE500D468A4;
			productRefGroup = B071985929C0BAE500D468A4 /* Products */;
			projectDirPath = "";
			projectRoot = "";
			targets = (
				B071985729C0BAE500D468A4 /* login */,
			);
		};
/* End PBXProject section */

/* Begin PBXResourcesBuildPhase section */
		B071985629C0BAE500D468A4 /* Resources */ = {
			isa = PBXResourcesBuildPhase;
			buildActionMask = 2147483647;
			files = (
				D900847429ED2FDC00F87375 /* README.md in Resources */,
				B071986329C0BAE600D468A4 /* Preview Assets.xcassets in Resources */,
				B071986029C0BAE600D468A4 /* Assets.xcassets in Resources */,
			);
			runOnlyForDeploymentPostprocessing = 0;
		};
/* End PBXResourcesBuildPhase section */

/* Begin PBXShellScriptBuildPhase section */
		866306DF05F5C5DF636ECA7E /* [CP] Embed Pods Frameworks */ = {
			isa = PBXShellScriptBuildPhase;
			buildActionMask = 2147483647;
			files = (
			);
			inputFileListPaths = (
				"${PODS_ROOT}/Target Support Files/Pods-login/Pods-login-frameworks-${CONFIGURATION}-input-files.xcfilelist",
			);
			name = "[CP] Embed Pods Frameworks";
			outputFileListPaths = (
				"${PODS_ROOT}/Target Support Files/Pods-login/Pods-login-frameworks-${CONFIGURATION}-output-files.xcfilelist",
			);
			runOnlyForDeploymentPostprocessing = 0;
			shellPath = /bin/sh;
			shellScript = "\"${PODS_ROOT}/Target Support Files/Pods-login/Pods-login-frameworks.sh\"\n";
			showEnvVarsInLog = 0;
		};
		E17C5A006D246FC766DFA44A /* [CP] Check Pods Manifest.lock */ = {
			isa = PBXShellScriptBuildPhase;
			buildActionMask = 2147483647;
			files = (
			);
			inputFileListPaths = (
			);
			inputPaths = (
				"${PODS_PODFILE_DIR_PATH}/Podfile.lock",
				"${PODS_ROOT}/Manifest.lock",
			);
			name = "[CP] Check Pods Manifest.lock";
			outputFileListPaths = (
			);
			outputPaths = (
				"$(DERIVED_FILE_DIR)/Pods-login-checkManifestLockResult.txt",
			);
			runOnlyForDeploymentPostprocessing = 0;
			shellPath = /bin/sh;
			shellScript = "diff \"${PODS_PODFILE_DIR_PATH}/Podfile.lock\" \"${PODS_ROOT}/Manifest.lock\" > /dev/null\nif [ $? != 0 ] ; then\n    # print error to STDERR\n    echo \"error: The sandbox is not in sync with the Podfile.lock. Run 'pod install' or update your CocoaPods installation.\" >&2\n    exit 1\nfi\n# This output is used by Xcode 'outputs' to avoid re-running this script phase.\necho \"SUCCESS\" > \"${SCRIPT_OUTPUT_FILE_0}\"\n";
			showEnvVarsInLog = 0;
		};
/* End PBXShellScriptBuildPhase section */

/* Begin PBXSourcesBuildPhase section */
		B071985429C0BAE500D468A4 /* Sources */ = {
			isa = PBXSourcesBuildPhase;
			buildActionMask = 2147483647;
			files = (
				D9F469EE29E57BD50027DF51 /* PostCell.swift in Sources */,
				B071986529C0BAE600D468A4 /* Persistence.swift in Sources */,
				B071987529C0C2CA00D468A4 /* SignInScreenView.swift in Sources */,
				D962BB4829D1C63B004FA30A /* CreateNewPost.swift in Sources */,
				B071987329C0C00900D468A4 /* WelcomeScreenView.swift in Sources */,
				B0B4FB7C29C30A9B00CB8385 /* Register.swift in Sources */,
				D9DB6F2B29D6E3A000262A50 /* userViewModel.swift in Sources */,
				B0B4FB7629C1BE0B00CB8385 /* Content-ViewModel.swift in Sources */,
				B071985E29C0BAE500D468A4 /* ContentView.swift in Sources */,
				D9DB6F2E29D6E54C00262A50 /* User.swift in Sources */,
				D9EFD95C29EAD196009ABE77 /* AddPost.swift in Sources */,
				D98DE3AE29CDB56F009C394A /* HomeScreen.swift in Sources */,
				D9F469F029E5805D0027DF51 /* forgot2.swift in Sources */,
				D969D17A29E82B3E00D7D76B /* zaza.swift in Sources */,
				D9CDA4C929D3018D00EC42B5 /* ProfileEditView.swift in Sources */,
				B071985C29C0BAE500D468A4 /* loginApp.swift in Sources */,
				D969D17829E7EE9500D7D76B /* Home.swift in Sources */,
				B071986829C0BAE600D468A4 /* login.xcdatamodeld in Sources */,
				D9C0A4C929DF01A50097D368 /* qssq.swift in Sources */,
				D9F469F229E5855C0027DF51 /* forgot3.swift in Sources */,
				B0B4FB7A29C1EED300CB8385 /* ForgetViw.swift in Sources */,
				D962BB4629D19B49004FA30A /* profil.swift in Sources */,
				D9EFD95429EA9EBB009ABE77 /* AppColors.swift in Sources */,
				D91AF79D29E75A1900B159B5 /* Post.swift in Sources */,
				D91AF79F29E7685500B159B5 /* PostViewModel.swift in Sources */,
			);
			runOnlyForDeploymentPostprocessing = 0;
		};
/* End PBXSourcesBuildPhase section */

/* Begin XCBuildConfiguration section */
		B071986A29C0BAE600D468A4 /* Debug */ = {
			isa = XCBuildConfiguration;
			buildSettings = {
				ALWAYS_SEARCH_USER_PATHS = NO;
				CLANG_ANALYZER_NONNULL = YES;
				CLANG_ANALYZER_NUMBER_OBJECT_CONVERSION = YES_AGGRESSIVE;
				CLANG_CXX_LANGUAGE_STANDARD = "gnu++20";
				CLANG_ENABLE_MODULES = YES;
				CLANG_ENABLE_OBJC_ARC = YES;
				CLANG_ENABLE_OBJC_WEAK = YES;
				CLANG_WARN_BLOCK_CAPTURE_AUTORELEASING = YES;
				CLANG_WARN_BOOL_CONVERSION = YES;
				CLANG_WARN_COMMA = YES;
				CLANG_WARN_CONSTANT_CONVERSION = YES;
				CLANG_WARN_DEPRECATED_OBJC_IMPLEMENTATIONS = YES;
				CLANG_WARN_DIRECT_OBJC_ISA_USAGE = YES_ERROR;
				CLANG_WARN_DOCUMENTATION_COMMENTS = YES;
				CLANG_WARN_EMPTY_BODY = YES;
				CLANG_WARN_ENUM_CONVERSION = YES;
				CLANG_WARN_INFINITE_RECURSION = YES;
				CLANG_WARN_INT_CONVERSION = YES;
				CLANG_WARN_NON_LITERAL_NULL_CONVERSION = YES;
				CLANG_WARN_OBJC_IMPLICIT_RETAIN_SELF = YES;
				CLANG_WARN_OBJC_LITERAL_CONVERSION = YES;
				CLANG_WARN_OBJC_ROOT_CLASS = YES_ERROR;
				CLANG_WARN_QUOTED_INCLUDE_IN_FRAMEWORK_HEADER = YES;
				CLANG_WARN_RANGE_LOOP_ANALYSIS = YES;
				CLANG_WARN_STRICT_PROTOTYPES = YES;
				CLANG_WARN_SUSPICIOUS_MOVE = YES;
				CLANG_WARN_UNGUARDED_AVAILABILITY = YES_AGGRESSIVE;
				CLANG_WARN_UNREACHABLE_CODE = YES;
				CLANG_WARN__DUPLICATE_METHOD_MATCH = YES;
				COPY_PHASE_STRIP = NO;
				DEBUG_INFORMATION_FORMAT = dwarf;
				ENABLE_STRICT_OBJC_MSGSEND = YES;
				ENABLE_TESTABILITY = YES;
				GCC_C_LANGUAGE_STANDARD = gnu11;
				GCC_DYNAMIC_NO_PIC = NO;
				GCC_NO_COMMON_BLOCKS = YES;
				GCC_OPTIMIZATION_LEVEL = 0;
				GCC_PREPROCESSOR_DEFINITIONS = (
					"DEBUG=1",
					"$(inherited)",
				);
				GCC_WARN_64_TO_32_BIT_CONVERSION = YES;
				GCC_WARN_ABOUT_RETURN_TYPE = YES_ERROR;
				GCC_WARN_UNDECLARED_SELECTOR = YES;
				GCC_WARN_UNINITIALIZED_AUTOS = YES_AGGRESSIVE;
				GCC_WARN_UNUSED_FUNCTION = YES;
				GCC_WARN_UNUSED_VARIABLE = YES;
				IPHONEOS_DEPLOYMENT_TARGET = 16.1;
				MTL_ENABLE_DEBUG_INFO = INCLUDE_SOURCE;
				MTL_FAST_MATH = YES;
				ONLY_ACTIVE_ARCH = YES;
				SDKROOT = iphoneos;
				SWIFT_ACTIVE_COMPILATION_CONDITIONS = DEBUG;
				SWIFT_OPTIMIZATION_LEVEL = "-Onone";
			};
			name = Debug;
		};
		B071986B29C0BAE600D468A4 /* Release */ = {
			isa = XCBuildConfiguration;
			buildSettings = {
				ALWAYS_SEARCH_USER_PATHS = NO;
				CLANG_ANALYZER_NONNULL = YES;
				CLANG_ANALYZER_NUMBER_OBJECT_CONVERSION = YES_AGGRESSIVE;
				CLANG_CXX_LANGUAGE_STANDARD = "gnu++20";
				CLANG_ENABLE_MODULES = YES;
				CLANG_ENABLE_OBJC_ARC = YES;
				CLANG_ENABLE_OBJC_WEAK = YES;
				CLANG_WARN_BLOCK_CAPTURE_AUTORELEASING = YES;
				CLANG_WARN_BOOL_CONVERSION = YES;
				CLANG_WARN_COMMA = YES;
				CLANG_WARN_CONSTANT_CONVERSION = YES;
				CLANG_WARN_DEPRECATED_OBJC_IMPLEMENTATIONS = YES;
				CLANG_WARN_DIRECT_OBJC_ISA_USAGE = YES_ERROR;
				CLANG_WARN_DOCUMENTATION_COMMENTS = YES;
				CLANG_WARN_EMPTY_BODY = YES;
				CLANG_WARN_ENUM_CONVERSION = YES;
				CLANG_WARN_INFINITE_RECURSION = YES;
				CLANG_WARN_INT_CONVERSION = YES;
				CLANG_WARN_NON_LITERAL_NULL_CONVERSION = YES;
				CLANG_WARN_OBJC_IMPLICIT_RETAIN_SELF = YES;
				CLANG_WARN_OBJC_LITERAL_CONVERSION = YES;
				CLANG_WARN_OBJC_ROOT_CLASS = YES_ERROR;
				CLANG_WARN_QUOTED_INCLUDE_IN_FRAMEWORK_HEADER = YES;
				CLANG_WARN_RANGE_LOOP_ANALYSIS = YES;
				CLANG_WARN_STRICT_PROTOTYPES = YES;
				CLANG_WARN_SUSPICIOUS_MOVE = YES;
				CLANG_WARN_UNGUARDED_AVAILABILITY = YES_AGGRESSIVE;
				CLANG_WARN_UNREACHABLE_CODE = YES;
				CLANG_WARN__DUPLICATE_METHOD_MATCH = YES;
				COPY_PHASE_STRIP = NO;
				DEBUG_INFORMATION_FORMAT = "dwarf-with-dsym";
				ENABLE_NS_ASSERTIONS = NO;
				ENABLE_STRICT_OBJC_MSGSEND = YES;
				GCC_C_LANGUAGE_STANDARD = gnu11;
				GCC_NO_COMMON_BLOCKS = YES;
				GCC_WARN_64_TO_32_BIT_CONVERSION = YES;
				GCC_WARN_ABOUT_RETURN_TYPE = YES_ERROR;
				GCC_WARN_UNDECLARED_SELECTOR = YES;
				GCC_WARN_UNINITIALIZED_AUTOS = YES_AGGRESSIVE;
				GCC_WARN_UNUSED_FUNCTION = YES;
				GCC_WARN_UNUSED_VARIABLE = YES;
				IPHONEOS_DEPLOYMENT_TARGET = 16.1;
				MTL_ENABLE_DEBUG_INFO = NO;
				MTL_FAST_MATH = YES;
				SDKROOT = iphoneos;
				SWIFT_COMPILATION_MODE = wholemodule;
				SWIFT_OPTIMIZATION_LEVEL = "-O";
				VALIDATE_PRODUCT = YES;
			};
			name = Release;
		};
		B071986D29C0BAE600D468A4 /* Debug */ = {
			isa = XCBuildConfiguration;
			baseConfigurationReference = 56F7D0AB43B4D30C7A7F397E /* Pods-login.debug.xcconfig */;
			buildSettings = {
				ASSETCATALOG_COMPILER_APPICON_NAME = AppIcon;
				ASSETCATALOG_COMPILER_GLOBAL_ACCENT_COLOR_NAME = AccentColor;
				CODE_SIGN_STYLE = Automatic;
				CURRENT_PROJECT_VERSION = 1;
				DEVELOPMENT_ASSET_PATHS = "\"login/Preview Content\"";
				ENABLE_PREVIEWS = YES;
				GENERATE_INFOPLIST_FILE = YES;
				INFOPLIST_KEY_UIApplicationSceneManifest_Generation = YES;
				INFOPLIST_KEY_UIApplicationSupportsIndirectInputEvents = YES;
				INFOPLIST_KEY_UILaunchScreen_Generation = YES;
				INFOPLIST_KEY_UISupportedInterfaceOrientations_iPad = "UIInterfaceOrientationPortrait UIInterfaceOrientationPortraitUpsideDown UIInterfaceOrientationLandscapeLeft UIInterfaceOrientationLandscapeRight";
				INFOPLIST_KEY_UISupportedInterfaceOrientations_iPhone = "UIInterfaceOrientationPortrait UIInterfaceOrientationLandscapeLeft UIInterfaceOrientationLandscapeRight";
				LD_RUNPATH_SEARCH_PATHS = (
					"$(inherited)",
					"@executable_path/Frameworks",
				);
				MARKETING_VERSION = 1.0;
				PRODUCT_BUNDLE_IDENTIFIER = tn.esprit.login;
				PRODUCT_NAME = "$(TARGET_NAME)";
				SWIFT_EMIT_LOC_STRINGS = YES;
				SWIFT_VERSION = 5.0;
				TARGETED_DEVICE_FAMILY = "1,2";
			};
			name = Debug;
		};
		B071986E29C0BAE600D468A4 /* Release */ = {
			isa = XCBuildConfiguration;
			baseConfigurationReference = ABADBDCA8DB0C0E9A25E042D /* Pods-login.release.xcconfig */;
			buildSettings = {
				ASSETCATALOG_COMPILER_APPICON_NAME = AppIcon;
				ASSETCATALOG_COMPILER_GLOBAL_ACCENT_COLOR_NAME = AccentColor;
				CODE_SIGN_STYLE = Automatic;
				CURRENT_PROJECT_VERSION = 1;
				DEVELOPMENT_ASSET_PATHS = "\"login/Preview Content\"";
				ENABLE_PREVIEWS = YES;
				GENERATE_INFOPLIST_FILE = YES;
				INFOPLIST_KEY_UIApplicationSceneManifest_Generation = YES;
				INFOPLIST_KEY_UIApplicationSupportsIndirectInputEvents = YES;
				INFOPLIST_KEY_UILaunchScreen_Generation = YES;
				INFOPLIST_KEY_UISupportedInterfaceOrientations_iPad = "UIInterfaceOrientationPortrait UIInterfaceOrientationPortraitUpsideDown UIInterfaceOrientationLandscapeLeft UIInterfaceOrientationLandscapeRight";
				INFOPLIST_KEY_UISupportedInterfaceOrientations_iPhone = "UIInterfaceOrientationPortrait UIInterfaceOrientationLandscapeLeft UIInterfaceOrientationLandscapeRight";
				LD_RUNPATH_SEARCH_PATHS = (
					"$(inherited)",
					"@executable_path/Frameworks",
				);
				MARKETING_VERSION = 1.0;
				PRODUCT_BUNDLE_IDENTIFIER = tn.esprit.login;
				PRODUCT_NAME = "$(TARGET_NAME)";
				SWIFT_EMIT_LOC_STRINGS = YES;
				SWIFT_VERSION = 5.0;
				TARGETED_DEVICE_FAMILY = "1,2";
			};
			name = Release;
		};
/* End XCBuildConfiguration section */

/* Begin XCConfigurationList section */
		B071985329C0BAE500D468A4 /* Build configuration list for PBXProject "login" */ = {
			isa = XCConfigurationList;
			buildConfigurations = (
				B071986A29C0BAE600D468A4 /* Debug */,
				B071986B29C0BAE600D468A4 /* Release */,
			);
			defaultConfigurationIsVisible = 0;
			defaultConfigurationName = Release;
		};
		B071986C29C0BAE600D468A4 /* Build configuration list for PBXNativeTarget "login" */ = {
			isa = XCConfigurationList;
			buildConfigurations = (
				B071986D29C0BAE600D468A4 /* Debug */,
				B071986E29C0BAE600D468A4 /* Release */,
			);
			defaultConfigurationIsVisible = 0;
			defaultConfigurationName = Release;
		};
/* End XCConfigurationList section */

/* Begin XCVersionGroup section */
		B071986629C0BAE600D468A4 /* login.xcdatamodeld */ = {
			isa = XCVersionGroup;
			children = (
				B071986729C0BAE600D468A4 /* login.xcdatamodel */,
			);
			currentVersion = B071986729C0BAE600D468A4 /* login.xcdatamodel */;
			path = login.xcdatamodeld;
			sourceTree = "<group>";
			versionGroupType = wrapper.xcdatamodel;
		};
/* End XCVersionGroup section */
	};
	rootObject = B071985029C0BAE500D468A4 /* Project object */;
}
